
Microsoft Visual Studio Solution File, Format Version 12.00
# Visual Studio 2015
Project("{FAE04EC0-301F-11D3-BF4B-00C04F79EFBC}") = "AdvancedSimulation.CSharp", "AdvancedSimulation.CSharp.csproj", "{FF41294C-0CDE-DEB8-EF58-8B91EE0EB6A1}"
EndProject
Project("{FAE04EC0-301F-11D3-BF4B-00C04F79EFBC}") = "AdvancedSimulation.CSharp.Editor", "AdvancedSimulation.CSharp.Editor.csproj", "{6B0D1931-60D8-B903-6DF6-C27797B870F4}"
EndProject
Global
	GlobalSection(SolutionConfigurationPlatforms) = preSolution
		Debug|Any CPU = Debug|Any CPU
		Release|Any CPU = Release|Any CPU
	EndGlobalSection
	GlobalSection(ProjectConfigurationPlatforms) = postSolution
		{FF41294C-0CDE-DEB8-EF58-8B91EE0EB6A1}.Debug|Any CPU.ActiveCfg = Debug|Any CPU
		{FF41294C-0CDE-DEB8-EF58-8B91EE0EB6A1}.Debug|Any CPU.Build.0 = Debug|Any CPU
		{FF41294C-0CDE-DEB8-EF58-8B91EE0EB6A1}.Release|Any CPU.ActiveCfg = Release|Any CPU
		{FF41294C-0CDE-DEB8-EF58-8B91EE0EB6A1}.Release|Any CPU.Build.0 = Release|Any CPU
		{6B0D1931-60D8-B903-6DF6-C27797B870F4}.Debug|Any CPU.ActiveCfg = Debug|Any CPU
		{6B0D1931-60D8-B903-6DF6-C27797B870F4}.Debug|Any CPU.Build.0 = Debug|Any CPU
		{6B0D1931-60D8-B903-6DF6-C27797B870F4}.Release|Any CPU.ActiveCfg = Release|Any CPU
		{6B0D1931-60D8-B903-6DF6-C27797B870F4}.Release|Any CPU.Build.0 = Release|Any CPU
	EndGlobalSection
	GlobalSection(SolutionProperties) = preSolution
		HideSolutionNode = FALSE
	EndGlobalSection
EndGlobal
