Microsoft Visual Studio Solution File, Format Version 11.00
# Visual Studio 2008

Project("{0F095ECC-5E5C-156B-0984-D597FBB8EAD6}") = "AdvancedSimulation", "Assembly-CSharp.csproj", "{8C90C587-1417-7BAC-0D97-2F504E68871B}"
EndProject
Project("{0F095ECC-5E5C-156B-0984-D597FBB8EAD6}") = "AdvancedSimulation", "Assembly-CSharp-Editor.csproj", "{35C11167-26A7-CCEF-4AD5-3FAB5F66987A}"
EndProject
Global
	GlobalSection(SolutionConfigurationPlatforms) = preSolution
		Debug|Any CPU = Debug|Any CPU
		Release|Any CPU = Release|Any CPU
	EndGlobalSection
	GlobalSection(ProjectConfigurationPlatforms) = postSolution
		{8C90C587-1417-7BAC-0D97-2F504E68871B}.Debug|Any CPU.ActiveCfg = Debug|Any CPU
		{8C90C587-1417-7BAC-0D97-2F504E68871B}.Debug|Any CPU.Build.0 = Debug|Any CPU
		{8C90C587-1417-7BAC-0D97-2F504E68871B}.Release|Any CPU.ActiveCfg = Release|Any CPU
		{8C90C587-1417-7BAC-0D97-2F504E68871B}.Release|Any CPU.Build.0 = Release|Any CPU
		{35C11167-26A7-CCEF-4AD5-3FAB5F66987A}.Debug|Any CPU.ActiveCfg = Debug|Any CPU
		{35C11167-26A7-CCEF-4AD5-3FAB5F66987A}.Debug|Any CPU.Build.0 = Debug|Any CPU
		{35C11167-26A7-CCEF-4AD5-3FAB5F66987A}.Release|Any CPU.ActiveCfg = Release|Any CPU
		{35C11167-26A7-CCEF-4AD5-3FAB5F66987A}.Release|Any CPU.Build.0 = Release|Any CPU
	EndGlobalSection
	GlobalSection(SolutionProperties) = preSolution
		HideSolutionNode = FALSE
	EndGlobalSection
	GlobalSection(MonoDevelopProperties) = preSolution
		StartupItem = Assembly-CSharp.csproj
	EndGlobalSection
EndGlobal
